
Microsoft Visual Studio Solution File, Format Version 12.00
# Visual Studio Version 17
VisualStudioVersion = 17.5.33530.505
MinimumVisualStudioVersion = 10.0.40219.1
Project("{FAE04EC0-301F-11D3-BF4B-00C04F79EFBC}") = "Backend", "Backend\Backend.csproj", "{D4DC5772-18DC-4DB4-B4A3-D8FD35A539EC}"
EndProject
Global
	GlobalSection(SolutionConfigurationPlatforms) = preSolution
		Debug|Any CPU = Debug|Any CPU
		Release|Any CPU = Release|Any CPU
	EndGlobalSection
	GlobalSection(ProjectConfigurationPlatforms) = postSolution
		{D4DC5772-18DC-4DB4-B4A3-D8FD35A539EC}.Debug|Any CPU.ActiveCfg = Debug|Any CPU
		{D4DC5772-18DC-4DB4-B4A3-D8FD35A539EC}.Debug|Any CPU.Build.0 = Debug|Any CPU
		{D4DC5772-18DC-4DB4-B4A3-D8FD35A539EC}.Release|Any CPU.ActiveCfg = Release|Any CPU
		{D4DC5772-18DC-4DB4-B4A3-D8FD35A539EC}.Release|Any CPU.Build.0 = Release|Any CPU
	EndGlobalSection
	GlobalSection(SolutionProperties) = preSolution
		HideSolutionNode = FALSE
	EndGlobalSection
	GlobalSection(ExtensibilityGlobals) = postSolution
		SolutionGuid = {2D745E02-707F-4A3F-8A1A-1D4686EC01A7}
	EndGlobalSection
EndGlobal
